
Microsoft Visual Studio Solution File, Format Version 11.00
# Visual Studio 2010
Project("{FAE04EC0-301F-11D3-BF4B-00C04F79EFBC}") = "BirthdayReminder", "BirthdayReminder\BirthdayReminder.csproj", "{37AE3AB1-2249-4A2F-953D-50B2327A748A}"
EndProject
Global
	GlobalSection(SolutionConfigurationPlatforms) = preSolution
		Debug|iPhoneSimulator = Debug|iPhoneSimulator
		Release|iPhoneSimulator = Release|iPhoneSimulator
		Debug|iPhone = Debug|iPhone
		Release|iPhone = Release|iPhone
		Ad-Hoc|iPhone = Ad-Hoc|iPhone
		AppStore|iPhone = AppStore|iPhone
	EndGlobalSection
	GlobalSection(ProjectConfigurationPlatforms) = postSolution
		{37AE3AB1-2249-4A2F-953D-50B2327A748A}.Ad-Hoc|iPhone.ActiveCfg = Ad-Hoc|iPhone
		{37AE3AB1-2249-4A2F-953D-50B2327A748A}.Ad-Hoc|iPhone.Build.0 = Ad-Hoc|iPhone
		{37AE3AB1-2249-4A2F-953D-50B2327A748A}.AppStore|iPhone.ActiveCfg = AppStore|iPhone
		{37AE3AB1-2249-4A2F-953D-50B2327A748A}.AppStore|iPhone.Build.0 = AppStore|iPhone
		{37AE3AB1-2249-4A2F-953D-50B2327A748A}.Debug|iPhone.ActiveCfg = Debug|iPhone
		{37AE3AB1-2249-4A2F-953D-50B2327A748A}.Debug|iPhone.Build.0 = Debug|iPhone
		{37AE3AB1-2249-4A2F-953D-50B2327A748A}.Debug|iPhoneSimulator.ActiveCfg = Debug|iPhoneSimulator
		{37AE3AB1-2249-4A2F-953D-50B2327A748A}.Debug|iPhoneSimulator.Build.0 = Debug|iPhoneSimulator
		{37AE3AB1-2249-4A2F-953D-50B2327A748A}.Release|iPhone.ActiveCfg = Release|iPhone
		{37AE3AB1-2249-4A2F-953D-50B2327A748A}.Release|iPhone.Build.0 = Release|iPhone
		{37AE3AB1-2249-4A2F-953D-50B2327A748A}.Release|iPhoneSimulator.ActiveCfg = Release|iPhoneSimulator
		{37AE3AB1-2249-4A2F-953D-50B2327A748A}.Release|iPhoneSimulator.Build.0 = Release|iPhoneSimulator
	EndGlobalSection
	GlobalSection(MonoDevelopProperties) = preSolution
		StartupItem = BirthdayReminder\BirthdayReminder.csproj
	EndGlobalSection
EndGlobal
